
Microsoft Visual Studio Solution File, Format Version 11.00
# Visual Studio 2010
Project("{FAE04EC0-301F-11D3-BF4B-00C04F79EFBC}") = "Assembly-CSharp", "Assembly-CSharp.csproj", "{05E413E3-DD3D-DB9A-A109-A89B0E319ECE}"
EndProject
Project("{FAE04EC0-301F-11D3-BF4B-00C04F79EFBC}") = "Assembly-CSharp-firstpass", "Assembly-CSharp-firstpass.csproj", "{8E47FBA2-8A6D-6677-E548-5DAE1D5B1E37}"
EndProject
Project("{FAE04EC0-301F-11D3-BF4B-00C04F79EFBC}") = "Assembly-CSharp-Editor-firstpass", "Assembly-CSharp-Editor-firstpass.csproj", "{7E4171A3-A3D2-8B1C-1721-3E0DA70EA4A0}"
EndProject
Global
	GlobalSection(SolutionConfigurationPlatforms) = preSolution
		Debug|Any CPU = Debug|Any CPU
		Release|Any CPU = Release|Any CPU
	EndGlobalSection
	GlobalSection(ProjectConfigurationPlatforms) = postSolution
		{05E413E3-DD3D-DB9A-A109-A89B0E319ECE}.Debug|Any CPU.ActiveCfg = Debug|Any CPU
		{05E413E3-DD3D-DB9A-A109-A89B0E319ECE}.Debug|Any CPU.Build.0 = Debug|Any CPU
		{05E413E3-DD3D-DB9A-A109-A89B0E319ECE}.Release|Any CPU.ActiveCfg = Release|Any CPU
		{05E413E3-DD3D-DB9A-A109-A89B0E319ECE}.Release|Any CPU.Build.0 = Release|Any CPU
		{8E47FBA2-8A6D-6677-E548-5DAE1D5B1E37}.Debug|Any CPU.ActiveCfg = Debug|Any CPU
		{8E47FBA2-8A6D-6677-E548-5DAE1D5B1E37}.Debug|Any CPU.Build.0 = Debug|Any CPU
		{8E47FBA2-8A6D-6677-E548-5DAE1D5B1E37}.Release|Any CPU.ActiveCfg = Release|Any CPU
		{8E47FBA2-8A6D-6677-E548-5DAE1D5B1E37}.Release|Any CPU.Build.0 = Release|Any CPU
		{7E4171A3-A3D2-8B1C-1721-3E0DA70EA4A0}.Debug|Any CPU.ActiveCfg = Debug|Any CPU
		{7E4171A3-A3D2-8B1C-1721-3E0DA70EA4A0}.Debug|Any CPU.Build.0 = Debug|Any CPU
		{7E4171A3-A3D2-8B1C-1721-3E0DA70EA4A0}.Release|Any CPU.ActiveCfg = Release|Any CPU
		{7E4171A3-A3D2-8B1C-1721-3E0DA70EA4A0}.Release|Any CPU.Build.0 = Release|Any CPU
	EndGlobalSection
	GlobalSection(SolutionProperties) = preSolution
		HideSolutionNode = FALSE
	EndGlobalSection
EndGlobal
