
Microsoft Visual Studio Solution File, Format Version 12.00
# Visual Studio Version 16
VisualStudioVersion = 16.0.29806.167
MinimumVisualStudioVersion = 10.0.40219.1
Project("{FAE04EC0-301F-11D3-BF4B-00C04F79EFBC}") = "LanguageManagerUnity", "LanguageManagerUnity\LanguageManagerUnity.csproj", "{146D1FB6-F00E-4EEE-B1FC-16F62706CBB8}"
EndProject
Global
	GlobalSection(SolutionConfigurationPlatforms) = preSolution
		Debug|Any CPU = Debug|Any CPU
		Release|Any CPU = Release|Any CPU
	EndGlobalSection
	GlobalSection(ProjectConfigurationPlatforms) = postSolution
		{146D1FB6-F00E-4EEE-B1FC-16F62706CBB8}.Debug|Any CPU.ActiveCfg = Debug|Any CPU
		{146D1FB6-F00E-4EEE-B1FC-16F62706CBB8}.Debug|Any CPU.Build.0 = Debug|Any CPU
		{146D1FB6-F00E-4EEE-B1FC-16F62706CBB8}.Release|Any CPU.ActiveCfg = Release|Any CPU
		{146D1FB6-F00E-4EEE-B1FC-16F62706CBB8}.Release|Any CPU.Build.0 = Release|Any CPU
	EndGlobalSection
	GlobalSection(SolutionProperties) = preSolution
		HideSolutionNode = FALSE
	EndGlobalSection
	GlobalSection(ExtensibilityGlobals) = postSolution
		SolutionGuid = {8CCC69FB-769E-467E-A226-7D609044D1DC}
	EndGlobalSection
EndGlobal
